{
  "lockfile_version": "1",
  "packages": {
    "nushell@0.100.0": {
      "last_modified": "2024-11-16T04:25:12Z",
      "resolved": "github:NixOS/nixpkgs/34a626458d686f1b58139620a8b2793e9e123bba#nushell",
      "source": "devbox-search",
      "version": "0.100.0",
      "systems": {
        "aarch64-darwin": {
          "outputs": [
            {
              "name": "out",
              "path": "/nix/store/dwha64hw5i445893syncky2ns9fwh4hc-nushell-0.100.0",
              "default": true
            }
          ],
          "store_path": "/nix/store/dwha64hw5i445893syncky2ns9fwh4hc-nushell-0.100.0"
        },
        "aarch64-linux": {
          "outputs": [
            {
              "name": "out",
              "path": "/nix/store/fp56xjf3gv984cw2vfn87dy533nmqcmy-nushell-0.100.0",
              "default": true
            }
          ],
          "store_path": "/nix/store/fp56xjf3gv984cw2vfn87dy533nmqcmy-nushell-0.100.0"
        },
        "x86_64-darwin": {
          "outputs": [
            {
              "name": "out",
              "path": "/nix/store/0002sg179kfnh0s3fs4fsrhggq3ab4mz-nushell-0.100.0",
              "default": true
            }
          ],
          "store_path": "/nix/store/0002sg179kfnh0s3fs4fsrhggq3ab4mz-nushell-0.100.0"
        },
        "x86_64-linux": {
          "outputs": [
            {
              "name": "out",
              "path": "/nix/store/8231h92fhkaa2cagllvn8iagawmsfv4f-nushell-0.100.0",
              "default": true
            }
          ],
          "store_path": "/nix/store/8231h92fhkaa2cagllvn8iagawmsfv4f-nushell-0.100.0"
        }
      }
    }
  }
}
