{
  "lockfile_version": "1",
  "packages": {
    "crossplane-cli@1.17.1": {
      "last_modified": "2024-11-16T04:25:12Z",
      "resolved": "github:NixOS/nixpkgs/34a626458d686f1b58139620a8b2793e9e123bba#crossplane-cli",
      "source": "devbox-search",
      "version": "1.17.1",
      "systems": {
        "aarch64-darwin": {
          "outputs": [
            {
              "name": "out",
              "path": "/nix/store/rbzdg1y9dzqm5frz6r0h9lcb4fhdi8mr-crossplane-cli-1.17.1",
              "default": true
            }
          ],
          "store_path": "/nix/store/rbzdg1y9dzqm5frz6r0h9lcb4fhdi8mr-crossplane-cli-1.17.1"
        },
        "aarch64-linux": {
          "outputs": [
            {
              "name": "out",
              "path": "/nix/store/q6hlr2mf07f1r3q27idf7khh79r49ibv-crossplane-cli-1.17.1",
              "default": true
            }
          ],
          "store_path": "/nix/store/q6hlr2mf07f1r3q27idf7khh79r49ibv-crossplane-cli-1.17.1"
        },
        "x86_64-darwin": {
          "outputs": [
            {
              "name": "out",
              "path": "/nix/store/jy0sfgyxqx0dvkynhzsxjq3pcxhrs4m0-crossplane-cli-1.17.1",
              "default": true
            }
          ],
          "store_path": "/nix/store/jy0sfgyxqx0dvkynhzsxjq3pcxhrs4m0-crossplane-cli-1.17.1"
        },
        "x86_64-linux": {
          "outputs": [
            {
              "name": "out",
              "path": "/nix/store/b1gb9mm7prpigxihd9rjw8wniv8i0210-crossplane-cli-1.17.1",
              "default": true
            }
          ],
          "store_path": "/nix/store/b1gb9mm7prpigxihd9rjw8wniv8i0210-crossplane-cli-1.17.1"
        }
      }
    },
    "earthly@0.8.15": {
      "last_modified": "2024-11-16T04:25:12Z",
      "resolved": "github:NixOS/nixpkgs/34a626458d686f1b58139620a8b2793e9e123bba#earthly",
      "source": "devbox-search",
      "version": "0.8.15",
      "systems": {
        "aarch64-darwin": {
          "outputs": [
            {
              "name": "out",
              "path": "/nix/store/myjf5lbw65c3db6da2rnjiza7wr1h1j1-earthly-0.8.15",
              "default": true
            }
          ],
          "store_path": "/nix/store/myjf5lbw65c3db6da2rnjiza7wr1h1j1-earthly-0.8.15"
        },
        "aarch64-linux": {
          "outputs": [
            {
              "name": "out",
              "path": "/nix/store/1knmjl22ffb1akcacijwvcl2rcgqh47i-earthly-0.8.15",
              "default": true
            }
          ],
          "store_path": "/nix/store/1knmjl22ffb1akcacijwvcl2rcgqh47i-earthly-0.8.15"
        },
        "x86_64-darwin": {
          "outputs": [
            {
              "name": "out",
              "path": "/nix/store/ssa9d0ipdckqs063z6aqasc6gfb8h8nx-earthly-0.8.15",
              "default": true
            }
          ],
          "store_path": "/nix/store/ssa9d0ipdckqs063z6aqasc6gfb8h8nx-earthly-0.8.15"
        },
        "x86_64-linux": {
          "outputs": [
            {
              "name": "out",
              "path": "/nix/store/dgayai9q3154pbnr5zmq51g9js5d3gj9-earthly-0.8.15",
              "default": true
            }
          ],
          "store_path": "/nix/store/dgayai9q3154pbnr5zmq51g9js5d3gj9-earthly-0.8.15"
        }
      }
    },
    "go@1.23.3": {
      "last_modified": "2024-11-16T04:25:12Z",
      "resolved": "github:NixOS/nixpkgs/34a626458d686f1b58139620a8b2793e9e123bba#go",
      "source": "devbox-search",
      "version": "1.23.3",
      "systems": {
        "aarch64-darwin": {
          "outputs": [
            {
              "name": "out",
              "path": "/nix/store/qrj2wp6vzfpjfrrlcmr22818zg83fb73-go-1.23.3",
              "default": true
            }
          ],
          "store_path": "/nix/store/qrj2wp6vzfpjfrrlcmr22818zg83fb73-go-1.23.3"
        },
        "aarch64-linux": {
          "outputs": [
            {
              "name": "out",
              "path": "/nix/store/dm66qyl19skrwcmk4rb9xcs64xc1d071-go-1.23.3",
              "default": true
            }
          ],
          "store_path": "/nix/store/dm66qyl19skrwcmk4rb9xcs64xc1d071-go-1.23.3"
        },
        "x86_64-darwin": {
          "outputs": [
            {
              "name": "out",
              "path": "/nix/store/vkjn6njpz4gy5ma763vh8hh93bgjwycr-go-1.23.3",
              "default": true
            }
          ],
          "store_path": "/nix/store/vkjn6njpz4gy5ma763vh8hh93bgjwycr-go-1.23.3"
        },
        "x86_64-linux": {
          "outputs": [
            {
              "name": "out",
              "path": "/nix/store/bavnchxi7v6xs077jxv7fl5rrqc3y87w-go-1.23.3",
              "default": true
            }
          ],
          "store_path": "/nix/store/bavnchxi7v6xs077jxv7fl5rrqc3y87w-go-1.23.3"
        }
      }
    },
    "google-cloud-sdk@501.0.0": {
      "last_modified": "2024-11-22T01:27:12Z",
      "resolved": "github:NixOS/nixpkgs/8edf06bea5bcbee082df1b7369ff973b91618b8d#google-cloud-sdk",
      "source": "devbox-search",
      "version": "501.0.0",
      "systems": {
        "aarch64-darwin": {
          "outputs": [
            {
              "name": "out",
              "path": "/nix/store/8wq5wd1qkis3q44gvl91kdrbvmcx5rjc-google-cloud-sdk-501.0.0",
              "default": true
            }
          ],
          "store_path": "/nix/store/8wq5wd1qkis3q44gvl91kdrbvmcx5rjc-google-cloud-sdk-501.0.0"
        },
        "aarch64-linux": {
          "outputs": [
            {
              "name": "out",
              "path": "/nix/store/bpdjikf06vw6q6pva89gfrnak4i9qbkd-google-cloud-sdk-501.0.0",
              "default": true
            }
          ],
          "store_path": "/nix/store/bpdjikf06vw6q6pva89gfrnak4i9qbkd-google-cloud-sdk-501.0.0"
        },
        "x86_64-darwin": {
          "outputs": [
            {
              "name": "out",
              "path": "/nix/store/jimm2rhh182spr2vz60k6wiqq9jwf7cr-google-cloud-sdk-501.0.0",
              "default": true
            }
          ],
          "store_path": "/nix/store/jimm2rhh182spr2vz60k6wiqq9jwf7cr-google-cloud-sdk-501.0.0"
        },
        "x86_64-linux": {
          "outputs": [
            {
              "name": "out",
              "path": "/nix/store/qary2z3z06wf56aqhirxq39scz8rw0kh-google-cloud-sdk-501.0.0",
              "default": true
            }
          ],
          "store_path": "/nix/store/qary2z3z06wf56aqhirxq39scz8rw0kh-google-cloud-sdk-501.0.0"
        }
      }
    },
    "kind@0.24.0": {
      "last_modified": "2024-11-16T04:25:12Z",
      "resolved": "github:NixOS/nixpkgs/34a626458d686f1b58139620a8b2793e9e123bba#kind",
      "source": "devbox-search",
      "version": "0.24.0",
      "systems": {
        "aarch64-darwin": {
          "outputs": [
            {
              "name": "out",
              "path": "/nix/store/xddda7dwva6bwyif6c4km5ly88ynjm74-kind-0.24.0",
              "default": true
            }
          ],
          "store_path": "/nix/store/xddda7dwva6bwyif6c4km5ly88ynjm74-kind-0.24.0"
        },
        "aarch64-linux": {
          "outputs": [
            {
              "name": "out",
              "path": "/nix/store/nca37ixqzrdiwqz8dzw739vanhxx56jb-kind-0.24.0",
              "default": true
            }
          ],
          "store_path": "/nix/store/nca37ixqzrdiwqz8dzw739vanhxx56jb-kind-0.24.0"
        },
        "x86_64-darwin": {
          "outputs": [
            {
              "name": "out",
              "path": "/nix/store/la82f85krswj9vm03i82llqf8c76kk35-kind-0.24.0",
              "default": true
            }
          ],
          "store_path": "/nix/store/la82f85krswj9vm03i82llqf8c76kk35-kind-0.24.0"
        },
        "x86_64-linux": {
          "outputs": [
            {
              "name": "out",
              "path": "/nix/store/whc08b6ammwjpfg1lmf84036j9zqb40q-kind-0.24.0",
              "default": true
            }
          ],
          "store_path": "/nix/store/whc08b6ammwjpfg1lmf84036j9zqb40q-kind-0.24.0"
        }
      }
    },
    "kubectl@1.31.2": {
      "last_modified": "2024-11-16T04:25:12Z",
      "resolved": "github:NixOS/nixpkgs/34a626458d686f1b58139620a8b2793e9e123bba#kubectl",
      "source": "devbox-search",
      "version": "1.31.2",
      "systems": {
        "aarch64-darwin": {
          "outputs": [
            {
              "name": "out",
              "path": "/nix/store/4y0isz580qj1gprqihb39jzvq1h3ys8d-kubectl-1.31.2",
              "default": true
            },
            {
              "name": "man",
              "path": "/nix/store/yn7jsawkgab95ly8wjzm7qk4axins9c0-kubectl-1.31.2-man",
              "default": true
            },
            {
              "name": "convert",
              "path": "/nix/store/mgfqyq94gz2rlfg7kfyxjhlxpd88rrx1-kubectl-1.31.2-convert"
            }
          ],
          "store_path": "/nix/store/4y0isz580qj1gprqihb39jzvq1h3ys8d-kubectl-1.31.2"
        },
        "aarch64-linux": {
          "outputs": [
            {
              "name": "out",
              "path": "/nix/store/cmmrb7hbq8rpcvw5isasab3nn2bs0hf5-kubectl-1.31.2",
              "default": true
            },
            {
              "name": "man",
              "path": "/nix/store/zvncfs48dhhnpfxzmqj1dlgmc0lra96a-kubectl-1.31.2-man",
              "default": true
            },
            {
              "name": "convert",
              "path": "/nix/store/sxlxrk1msbp2djzpblqn1h2p73vfc5fs-kubectl-1.31.2-convert"
            }
          ],
          "store_path": "/nix/store/cmmrb7hbq8rpcvw5isasab3nn2bs0hf5-kubectl-1.31.2"
        },
        "x86_64-darwin": {
          "outputs": [
            {
              "name": "out",
              "path": "/nix/store/8dfd5d7i3q0jvqgzc2775kl8b5pbh7g9-kubectl-1.31.2",
              "default": true
            },
            {
              "name": "man",
              "path": "/nix/store/7rvlb9k6bs623m3f7k3ay52n9bx6id1h-kubectl-1.31.2-man",
              "default": true
            },
            {
              "name": "convert",
              "path": "/nix/store/d6yjj3akz8dddmjzp2hz2lyd1fwqaqq9-kubectl-1.31.2-convert"
            }
          ],
          "store_path": "/nix/store/8dfd5d7i3q0jvqgzc2775kl8b5pbh7g9-kubectl-1.31.2"
        },
        "x86_64-linux": {
          "outputs": [
            {
              "name": "out",
              "path": "/nix/store/wjr8vcdjb25ja1q3nvzwnzf5qg6iv8iy-kubectl-1.31.2",
              "default": true
            },
            {
              "name": "man",
              "path": "/nix/store/66mlhapc0wawjz2v05116nkp02lxinkx-kubectl-1.31.2-man",
              "default": true
            },
            {
              "name": "convert",
              "path": "/nix/store/44dsmqkr8c3lp4j417nshswcf0mpj9i5-kubectl-1.31.2-convert"
            }
          ],
          "store_path": "/nix/store/wjr8vcdjb25ja1q3nvzwnzf5qg6iv8iy-kubectl-1.31.2"
        }
      }
    },
    "kubernetes-helm@3.16.3": {
      "last_modified": "2024-11-16T04:25:12Z",
      "resolved": "github:NixOS/nixpkgs/34a626458d686f1b58139620a8b2793e9e123bba#kubernetes-helm",
      "source": "devbox-search",
      "version": "3.16.3",
      "systems": {
        "aarch64-darwin": {
          "outputs": [
            {
              "name": "out",
              "path": "/nix/store/v0b54sqamjz5hkbbhbbn62rmhy1ynk5a-kubernetes-helm-3.16.3",
              "default": true
            }
          ],
          "store_path": "/nix/store/v0b54sqamjz5hkbbhbbn62rmhy1ynk5a-kubernetes-helm-3.16.3"
        },
        "aarch64-linux": {
          "outputs": [
            {
              "name": "out",
              "path": "/nix/store/vsps7v36p9nbx08v8c7x1a36mmknhacy-kubernetes-helm-3.16.3",
              "default": true
            }
          ],
          "store_path": "/nix/store/vsps7v36p9nbx08v8c7x1a36mmknhacy-kubernetes-helm-3.16.3"
        },
        "x86_64-darwin": {
          "outputs": [
            {
              "name": "out",
              "path": "/nix/store/s57dya7h9slzyrnjg8h3hzbh695ksvj5-kubernetes-helm-3.16.3",
              "default": true
            }
          ],
          "store_path": "/nix/store/s57dya7h9slzyrnjg8h3hzbh695ksvj5-kubernetes-helm-3.16.3"
        },
        "x86_64-linux": {
          "outputs": [
            {
              "name": "out",
              "path": "/nix/store/nyrghdw5xi4kiwbsw6vdvnnyra5cy0x7-kubernetes-helm-3.16.3",
              "default": true
            }
          ],
          "store_path": "/nix/store/nyrghdw5xi4kiwbsw6vdvnnyra5cy0x7-kubernetes-helm-3.16.3"
        }
      }
    },
    "nushell@0.100.0": {
      "last_modified": "2024-11-16T04:25:12Z",
      "resolved": "github:NixOS/nixpkgs/34a626458d686f1b58139620a8b2793e9e123bba#nushell",
      "source": "devbox-search",
      "version": "0.100.0",
      "systems": {
        "aarch64-darwin": {
          "outputs": [
            {
              "name": "out",
              "path": "/nix/store/dwha64hw5i445893syncky2ns9fwh4hc-nushell-0.100.0",
              "default": true
            }
          ],
          "store_path": "/nix/store/dwha64hw5i445893syncky2ns9fwh4hc-nushell-0.100.0"
        },
        "aarch64-linux": {
          "outputs": [
            {
              "name": "out",
              "path": "/nix/store/fp56xjf3gv984cw2vfn87dy533nmqcmy-nushell-0.100.0",
              "default": true
            }
          ],
          "store_path": "/nix/store/fp56xjf3gv984cw2vfn87dy533nmqcmy-nushell-0.100.0"
        },
        "x86_64-darwin": {
          "outputs": [
            {
              "name": "out",
              "path": "/nix/store/0002sg179kfnh0s3fs4fsrhggq3ab4mz-nushell-0.100.0",
              "default": true
            }
          ],
          "store_path": "/nix/store/0002sg179kfnh0s3fs4fsrhggq3ab4mz-nushell-0.100.0"
        },
        "x86_64-linux": {
          "outputs": [
            {
              "name": "out",
              "path": "/nix/store/8231h92fhkaa2cagllvn8iagawmsfv4f-nushell-0.100.0",
              "default": true
            }
          ],
          "store_path": "/nix/store/8231h92fhkaa2cagllvn8iagawmsfv4f-nushell-0.100.0"
        }
      }
    },
    "teller@2.0.7": {
      "last_modified": "2024-11-16T04:25:12Z",
      "resolved": "github:NixOS/nixpkgs/34a626458d686f1b58139620a8b2793e9e123bba#teller",
      "source": "devbox-search",
      "version": "2.0.7",
      "systems": {
        "aarch64-darwin": {
          "outputs": [
            {
              "name": "out",
              "path": "/nix/store/362vqnhbc0x56ly10j1wxvic0xicv0lr-teller-2.0.7",
              "default": true
            }
          ],
          "store_path": "/nix/store/362vqnhbc0x56ly10j1wxvic0xicv0lr-teller-2.0.7"
        },
        "aarch64-linux": {
          "outputs": [
            {
              "name": "out",
              "path": "/nix/store/wrsh6xgn25b4qq4la4xikrdpqlx04xhn-teller-2.0.7",
              "default": true
            }
          ],
          "store_path": "/nix/store/wrsh6xgn25b4qq4la4xikrdpqlx04xhn-teller-2.0.7"
        },
        "x86_64-darwin": {
          "outputs": [
            {
              "name": "out",
              "path": "/nix/store/cbhghh4a8r2y4j51f470kh660jwypf0i-teller-2.0.7",
              "default": true
            }
          ],
          "store_path": "/nix/store/cbhghh4a8r2y4j51f470kh660jwypf0i-teller-2.0.7"
        },
        "x86_64-linux": {
          "outputs": [
            {
              "name": "out",
              "path": "/nix/store/mzb9i6n7gjb0j8y8fviykfnv0hs9hin3-teller-2.0.7",
              "default": true
            }
          ],
          "store_path": "/nix/store/mzb9i6n7gjb0j8y8fviykfnv0hs9hin3-teller-2.0.7"
        }
      }
    },
    "yq-go@4.44.5": {
      "last_modified": "2024-11-17T04:10:55Z",
      "resolved": "github:NixOS/nixpkgs/0a14706530dcb90acecb81ce0da219d88baaae75#yq-go",
      "source": "devbox-search",
      "version": "4.44.5",
      "systems": {
        "aarch64-darwin": {
          "outputs": [
            {
              "name": "out",
              "path": "/nix/store/xk2ypndx28w4dmvz69qgsv4y1xj14zr5-yq-go-4.44.5",
              "default": true
            }
          ],
          "store_path": "/nix/store/xk2ypndx28w4dmvz69qgsv4y1xj14zr5-yq-go-4.44.5"
        },
        "aarch64-linux": {
          "outputs": [
            {
              "name": "out",
              "path": "/nix/store/q1hdxc2zgzij7gxpv5g7cjq1j6ibzmxl-yq-go-4.44.5",
              "default": true
            }
          ],
          "store_path": "/nix/store/q1hdxc2zgzij7gxpv5g7cjq1j6ibzmxl-yq-go-4.44.5"
        },
        "x86_64-darwin": {
          "outputs": [
            {
              "name": "out",
              "path": "/nix/store/r7y0xb4pkdp2rdw0a0db06f84rwi4pri-yq-go-4.44.5",
              "default": true
            }
          ],
          "store_path": "/nix/store/r7y0xb4pkdp2rdw0a0db06f84rwi4pri-yq-go-4.44.5"
        },
        "x86_64-linux": {
          "outputs": [
            {
              "name": "out",
              "path": "/nix/store/i4x11x3x4x8kn416h734jnxdbh8fdxil-yq-go-4.44.5",
              "default": true
            }
          ],
          "store_path": "/nix/store/i4x11x3x4x8kn416h734jnxdbh8fdxil-yq-go-4.44.5"
        }
      }
    },
    "zellij@0.41.2": {
      "last_modified": "2024-11-22T01:27:12Z",
      "resolved": "github:NixOS/nixpkgs/8edf06bea5bcbee082df1b7369ff973b91618b8d#zellij",
      "source": "devbox-search",
      "version": "0.41.2",
      "systems": {
        "aarch64-darwin": {
          "outputs": [
            {
              "name": "out",
              "path": "/nix/store/6jxza2wmwcdm5mygmmrdh06f9finydqk-zellij-0.41.2",
              "default": true
            }
          ],
          "store_path": "/nix/store/6jxza2wmwcdm5mygmmrdh06f9finydqk-zellij-0.41.2"
        },
        "aarch64-linux": {
          "outputs": [
            {
              "name": "out",
              "path": "/nix/store/zqs6dkh3qwiinyjhdd8vwg39xqcb7gy6-zellij-0.41.2",
              "default": true
            }
          ],
          "store_path": "/nix/store/zqs6dkh3qwiinyjhdd8vwg39xqcb7gy6-zellij-0.41.2"
        },
        "x86_64-darwin": {
          "outputs": [
            {
              "name": "out",
              "path": "/nix/store/gpd7iihqxy13nbmaczjfin5s5f9mfi8k-zellij-0.41.2",
              "default": true
            }
          ],
          "store_path": "/nix/store/gpd7iihqxy13nbmaczjfin5s5f9mfi8k-zellij-0.41.2"
        },
        "x86_64-linux": {
          "outputs": [
            {
              "name": "out",
              "path": "/nix/store/ama5bjg244yja8nd98zfaxrzczvz2jzp-zellij-0.41.2",
              "default": true
            }
          ],
          "store_path": "/nix/store/ama5bjg244yja8nd98zfaxrzczvz2jzp-zellij-0.41.2"
        }
      }
    }
  }
}
