{
  "lockfile_version": "1",
  "packages": {
    "azure-cli@2.67.0": {
      "last_modified": "2024-12-09T13:13:08Z",
      "resolved": "github:NixOS/nixpkgs/bc27f0fde01ce4e1bfec1ab122d72b7380278e68#azure-cli",
      "source": "devbox-search",
      "version": "2.67.0",
      "systems": {
        "aarch64-darwin": {
          "outputs": [
            {
              "name": "out",
              "path": "/nix/store/hrxx75gfhap33vp2g5c1mz8xriqiq4a9-python3.12-azure-cli-2.67.0",
              "default": true
            },
            {
              "name": "dist",
              "path": "/nix/store/k386m8fwhykv61cc6pdac8cskj5dx61m-python3.12-azure-cli-2.67.0-dist"
            }
          ],
          "store_path": "/nix/store/hrxx75gfhap33vp2g5c1mz8xriqiq4a9-python3.12-azure-cli-2.67.0"
        },
        "aarch64-linux": {
          "outputs": [
            {
              "name": "out",
              "path": "/nix/store/v3mw1ncxy9damnv5lk8g1l6qqkziyiwn-python3.12-azure-cli-2.67.0",
              "default": true
            },
            {
              "name": "dist",
              "path": "/nix/store/05rvylnj2dy7cmxrx7immvbz1bar0qsn-python3.12-azure-cli-2.67.0-dist"
            }
          ],
          "store_path": "/nix/store/v3mw1ncxy9damnv5lk8g1l6qqkziyiwn-python3.12-azure-cli-2.67.0"
        },
        "x86_64-darwin": {
          "outputs": [
            {
              "name": "out",
              "path": "/nix/store/lgimq85cg548vcjahgq48r6xlsaib789-python3.12-azure-cli-2.67.0",
              "default": true
            },
            {
              "name": "dist",
              "path": "/nix/store/j8n1c8vdr5809jiciczw0h69qw2h2snl-python3.12-azure-cli-2.67.0-dist"
            }
          ],
          "store_path": "/nix/store/lgimq85cg548vcjahgq48r6xlsaib789-python3.12-azure-cli-2.67.0"
        },
        "x86_64-linux": {
          "outputs": [
            {
              "name": "out",
              "path": "/nix/store/lym3zcy7id2dp06n8w2a9p60zybwi00s-python3.12-azure-cli-2.67.0",
              "default": true
            },
            {
              "name": "dist",
              "path": "/nix/store/hs6s90xf36p4xna9z4gwgcid91jsv855-python3.12-azure-cli-2.67.0-dist"
            }
          ],
          "store_path": "/nix/store/lym3zcy7id2dp06n8w2a9p60zybwi00s-python3.12-azure-cli-2.67.0"
        }
      }
    },
    "crossplane-cli@1.17.1": {
      "last_modified": "2024-11-28T07:51:56Z",
      "resolved": "github:NixOS/nixpkgs/226216574ada4c3ecefcbbec41f39ce4655f78ef#crossplane-cli",
      "source": "devbox-search",
      "version": "1.17.1",
      "systems": {
        "aarch64-darwin": {
          "outputs": [
            {
              "name": "out",
              "path": "/nix/store/rbzdg1y9dzqm5frz6r0h9lcb4fhdi8mr-crossplane-cli-1.17.1",
              "default": true
            }
          ],
          "store_path": "/nix/store/rbzdg1y9dzqm5frz6r0h9lcb4fhdi8mr-crossplane-cli-1.17.1"
        },
        "aarch64-linux": {
          "outputs": [
            {
              "name": "out",
              "path": "/nix/store/q6hlr2mf07f1r3q27idf7khh79r49ibv-crossplane-cli-1.17.1",
              "default": true
            }
          ],
          "store_path": "/nix/store/q6hlr2mf07f1r3q27idf7khh79r49ibv-crossplane-cli-1.17.1"
        },
        "x86_64-darwin": {
          "outputs": [
            {
              "name": "out",
              "path": "/nix/store/jy0sfgyxqx0dvkynhzsxjq3pcxhrs4m0-crossplane-cli-1.17.1",
              "default": true
            }
          ],
          "store_path": "/nix/store/jy0sfgyxqx0dvkynhzsxjq3pcxhrs4m0-crossplane-cli-1.17.1"
        },
        "x86_64-linux": {
          "outputs": [
            {
              "name": "out",
              "path": "/nix/store/b1gb9mm7prpigxihd9rjw8wniv8i0210-crossplane-cli-1.17.1",
              "default": true
            }
          ],
          "store_path": "/nix/store/b1gb9mm7prpigxihd9rjw8wniv8i0210-crossplane-cli-1.17.1"
        }
      }
    },
    "go@1.23.3": {
      "last_modified": "2024-11-28T07:51:56Z",
      "resolved": "github:NixOS/nixpkgs/226216574ada4c3ecefcbbec41f39ce4655f78ef#go",
      "source": "devbox-search",
      "version": "1.23.3",
      "systems": {
        "aarch64-darwin": {
          "outputs": [
            {
              "name": "out",
              "path": "/nix/store/qrj2wp6vzfpjfrrlcmr22818zg83fb73-go-1.23.3",
              "default": true
            }
          ],
          "store_path": "/nix/store/qrj2wp6vzfpjfrrlcmr22818zg83fb73-go-1.23.3"
        },
        "aarch64-linux": {
          "outputs": [
            {
              "name": "out",
              "path": "/nix/store/dm66qyl19skrwcmk4rb9xcs64xc1d071-go-1.23.3",
              "default": true
            }
          ],
          "store_path": "/nix/store/dm66qyl19skrwcmk4rb9xcs64xc1d071-go-1.23.3"
        },
        "x86_64-darwin": {
          "outputs": [
            {
              "name": "out",
              "path": "/nix/store/vkjn6njpz4gy5ma763vh8hh93bgjwycr-go-1.23.3",
              "default": true
            }
          ],
          "store_path": "/nix/store/vkjn6njpz4gy5ma763vh8hh93bgjwycr-go-1.23.3"
        },
        "x86_64-linux": {
          "outputs": [
            {
              "name": "out",
              "path": "/nix/store/bavnchxi7v6xs077jxv7fl5rrqc3y87w-go-1.23.3",
              "default": true
            }
          ],
          "store_path": "/nix/store/bavnchxi7v6xs077jxv7fl5rrqc3y87w-go-1.23.3"
        }
      }
    },
    "google-cloud-sdk@501.0.0": {
      "last_modified": "2024-11-26T10:33:56Z",
      "resolved": "github:NixOS/nixpkgs/af51545ec9a44eadf3fe3547610a5cdd882bc34e#google-cloud-sdk",
      "source": "devbox-search",
      "version": "501.0.0",
      "systems": {
        "aarch64-darwin": {
          "outputs": [
            {
              "name": "out",
              "path": "/nix/store/g78r5nhaq7lfv3vz0585imws84bqqggs-google-cloud-sdk-501.0.0",
              "default": true
            }
          ],
          "store_path": "/nix/store/g78r5nhaq7lfv3vz0585imws84bqqggs-google-cloud-sdk-501.0.0"
        },
        "aarch64-linux": {
          "outputs": [
            {
              "name": "out",
              "path": "/nix/store/jsl9rj1vamj006kn23smrqjyfhh86iq8-google-cloud-sdk-501.0.0",
              "default": true
            }
          ],
          "store_path": "/nix/store/jsl9rj1vamj006kn23smrqjyfhh86iq8-google-cloud-sdk-501.0.0"
        },
        "x86_64-darwin": {
          "outputs": [
            {
              "name": "out",
              "path": "/nix/store/737vpmjgg6dx984rcifl24q5nnnqskkl-google-cloud-sdk-501.0.0",
              "default": true
            }
          ],
          "store_path": "/nix/store/737vpmjgg6dx984rcifl24q5nnnqskkl-google-cloud-sdk-501.0.0"
        },
        "x86_64-linux": {
          "outputs": [
            {
              "name": "out",
              "path": "/nix/store/vin476cn7r7qjj40z3s5l346knxgmm8c-google-cloud-sdk-501.0.0",
              "default": true
            }
          ],
          "store_path": "/nix/store/vin476cn7r7qjj40z3s5l346knxgmm8c-google-cloud-sdk-501.0.0"
        }
      }
    },
    "kind@0.24.0": {
      "last_modified": "2024-11-28T07:51:56Z",
      "resolved": "github:NixOS/nixpkgs/226216574ada4c3ecefcbbec41f39ce4655f78ef#kind",
      "source": "devbox-search",
      "version": "0.24.0",
      "systems": {
        "aarch64-darwin": {
          "outputs": [
            {
              "name": "out",
              "path": "/nix/store/xddda7dwva6bwyif6c4km5ly88ynjm74-kind-0.24.0",
              "default": true
            }
          ],
          "store_path": "/nix/store/xddda7dwva6bwyif6c4km5ly88ynjm74-kind-0.24.0"
        },
        "aarch64-linux": {
          "outputs": [
            {
              "name": "out",
              "path": "/nix/store/nca37ixqzrdiwqz8dzw739vanhxx56jb-kind-0.24.0",
              "default": true
            }
          ],
          "store_path": "/nix/store/nca37ixqzrdiwqz8dzw739vanhxx56jb-kind-0.24.0"
        },
        "x86_64-darwin": {
          "outputs": [
            {
              "name": "out",
              "path": "/nix/store/la82f85krswj9vm03i82llqf8c76kk35-kind-0.24.0",
              "default": true
            }
          ],
          "store_path": "/nix/store/la82f85krswj9vm03i82llqf8c76kk35-kind-0.24.0"
        },
        "x86_64-linux": {
          "outputs": [
            {
              "name": "out",
              "path": "/nix/store/whc08b6ammwjpfg1lmf84036j9zqb40q-kind-0.24.0",
              "default": true
            }
          ],
          "store_path": "/nix/store/whc08b6ammwjpfg1lmf84036j9zqb40q-kind-0.24.0"
        }
      }
    },
    "kubectl@1.31.2": {
      "last_modified": "2024-11-28T07:51:56Z",
      "resolved": "github:NixOS/nixpkgs/226216574ada4c3ecefcbbec41f39ce4655f78ef#kubectl",
      "source": "devbox-search",
      "version": "1.31.2",
      "systems": {
        "aarch64-darwin": {
          "outputs": [
            {
              "name": "out",
              "path": "/nix/store/4y0isz580qj1gprqihb39jzvq1h3ys8d-kubectl-1.31.2",
              "default": true
            },
            {
              "name": "man",
              "path": "/nix/store/yn7jsawkgab95ly8wjzm7qk4axins9c0-kubectl-1.31.2-man",
              "default": true
            },
            {
              "name": "convert",
              "path": "/nix/store/mgfqyq94gz2rlfg7kfyxjhlxpd88rrx1-kubectl-1.31.2-convert"
            }
          ],
          "store_path": "/nix/store/4y0isz580qj1gprqihb39jzvq1h3ys8d-kubectl-1.31.2"
        },
        "aarch64-linux": {
          "outputs": [
            {
              "name": "out",
              "path": "/nix/store/hs22srzb0xw25047q72lzf8yvkyndayp-kubectl-1.31.2",
              "default": true
            },
            {
              "name": "man",
              "path": "/nix/store/m6pgvbcpw5yyiy5f2106ihkapk7kjv9l-kubectl-1.31.2-man",
              "default": true
            },
            {
              "name": "convert",
              "path": "/nix/store/mk43xaa0hzc5hsg115nfa89h8p05l70n-kubectl-1.31.2-convert"
            }
          ],
          "store_path": "/nix/store/hs22srzb0xw25047q72lzf8yvkyndayp-kubectl-1.31.2"
        },
        "x86_64-darwin": {
          "outputs": [
            {
              "name": "out",
              "path": "/nix/store/8dfd5d7i3q0jvqgzc2775kl8b5pbh7g9-kubectl-1.31.2",
              "default": true
            },
            {
              "name": "man",
              "path": "/nix/store/7rvlb9k6bs623m3f7k3ay52n9bx6id1h-kubectl-1.31.2-man",
              "default": true
            },
            {
              "name": "convert",
              "path": "/nix/store/d6yjj3akz8dddmjzp2hz2lyd1fwqaqq9-kubectl-1.31.2-convert"
            }
          ],
          "store_path": "/nix/store/8dfd5d7i3q0jvqgzc2775kl8b5pbh7g9-kubectl-1.31.2"
        },
        "x86_64-linux": {
          "outputs": [
            {
              "name": "out",
              "path": "/nix/store/wjr8vcdjb25ja1q3nvzwnzf5qg6iv8iy-kubectl-1.31.2",
              "default": true
            },
            {
              "name": "man",
              "path": "/nix/store/66mlhapc0wawjz2v05116nkp02lxinkx-kubectl-1.31.2-man",
              "default": true
            },
            {
              "name": "convert",
              "path": "/nix/store/44dsmqkr8c3lp4j417nshswcf0mpj9i5-kubectl-1.31.2-convert"
            }
          ],
          "store_path": "/nix/store/wjr8vcdjb25ja1q3nvzwnzf5qg6iv8iy-kubectl-1.31.2"
        }
      }
    },
    "kubernetes-helm@3.16.3": {
      "last_modified": "2024-11-28T07:51:56Z",
      "resolved": "github:NixOS/nixpkgs/226216574ada4c3ecefcbbec41f39ce4655f78ef#kubernetes-helm",
      "source": "devbox-search",
      "version": "3.16.3",
      "systems": {
        "aarch64-darwin": {
          "outputs": [
            {
              "name": "out",
              "path": "/nix/store/v0b54sqamjz5hkbbhbbn62rmhy1ynk5a-kubernetes-helm-3.16.3",
              "default": true
            }
          ],
          "store_path": "/nix/store/v0b54sqamjz5hkbbhbbn62rmhy1ynk5a-kubernetes-helm-3.16.3"
        },
        "aarch64-linux": {
          "outputs": [
            {
              "name": "out",
              "path": "/nix/store/vsps7v36p9nbx08v8c7x1a36mmknhacy-kubernetes-helm-3.16.3",
              "default": true
            }
          ],
          "store_path": "/nix/store/vsps7v36p9nbx08v8c7x1a36mmknhacy-kubernetes-helm-3.16.3"
        },
        "x86_64-darwin": {
          "outputs": [
            {
              "name": "out",
              "path": "/nix/store/s57dya7h9slzyrnjg8h3hzbh695ksvj5-kubernetes-helm-3.16.3",
              "default": true
            }
          ],
          "store_path": "/nix/store/s57dya7h9slzyrnjg8h3hzbh695ksvj5-kubernetes-helm-3.16.3"
        },
        "x86_64-linux": {
          "outputs": [
            {
              "name": "out",
              "path": "/nix/store/nyrghdw5xi4kiwbsw6vdvnnyra5cy0x7-kubernetes-helm-3.16.3",
              "default": true
            }
          ],
          "store_path": "/nix/store/nyrghdw5xi4kiwbsw6vdvnnyra5cy0x7-kubernetes-helm-3.16.3"
        }
      }
    },
    "nushell@0.100.0": {
      "last_modified": "2024-11-16T04:25:12Z",
      "resolved": "github:NixOS/nixpkgs/34a626458d686f1b58139620a8b2793e9e123bba#nushell",
      "source": "devbox-search",
      "version": "0.100.0",
      "systems": {
        "aarch64-darwin": {
          "outputs": [
            {
              "name": "out",
              "path": "/nix/store/dwha64hw5i445893syncky2ns9fwh4hc-nushell-0.100.0",
              "default": true
            }
          ],
          "store_path": "/nix/store/dwha64hw5i445893syncky2ns9fwh4hc-nushell-0.100.0"
        },
        "aarch64-linux": {
          "outputs": [
            {
              "name": "out",
              "path": "/nix/store/fp56xjf3gv984cw2vfn87dy533nmqcmy-nushell-0.100.0",
              "default": true
            }
          ],
          "store_path": "/nix/store/fp56xjf3gv984cw2vfn87dy533nmqcmy-nushell-0.100.0"
        },
        "x86_64-darwin": {
          "outputs": [
            {
              "name": "out",
              "path": "/nix/store/0002sg179kfnh0s3fs4fsrhggq3ab4mz-nushell-0.100.0",
              "default": true
            }
          ],
          "store_path": "/nix/store/0002sg179kfnh0s3fs4fsrhggq3ab4mz-nushell-0.100.0"
        },
        "x86_64-linux": {
          "outputs": [
            {
              "name": "out",
              "path": "/nix/store/8231h92fhkaa2cagllvn8iagawmsfv4f-nushell-0.100.0",
              "default": true
            }
          ],
          "store_path": "/nix/store/8231h92fhkaa2cagllvn8iagawmsfv4f-nushell-0.100.0"
        }
      }
    },
    "teller@2.0.7": {
      "last_modified": "2024-11-16T04:25:12Z",
      "resolved": "github:NixOS/nixpkgs/34a626458d686f1b58139620a8b2793e9e123bba#teller",
      "source": "devbox-search",
      "version": "2.0.7",
      "systems": {
        "aarch64-darwin": {
          "outputs": [
            {
              "name": "out",
              "path": "/nix/store/362vqnhbc0x56ly10j1wxvic0xicv0lr-teller-2.0.7",
              "default": true
            }
          ],
          "store_path": "/nix/store/362vqnhbc0x56ly10j1wxvic0xicv0lr-teller-2.0.7"
        },
        "aarch64-linux": {
          "outputs": [
            {
              "name": "out",
              "path": "/nix/store/wrsh6xgn25b4qq4la4xikrdpqlx04xhn-teller-2.0.7",
              "default": true
            }
          ],
          "store_path": "/nix/store/wrsh6xgn25b4qq4la4xikrdpqlx04xhn-teller-2.0.7"
        },
        "x86_64-darwin": {
          "outputs": [
            {
              "name": "out",
              "path": "/nix/store/cbhghh4a8r2y4j51f470kh660jwypf0i-teller-2.0.7",
              "default": true
            }
          ],
          "store_path": "/nix/store/cbhghh4a8r2y4j51f470kh660jwypf0i-teller-2.0.7"
        },
        "x86_64-linux": {
          "outputs": [
            {
              "name": "out",
              "path": "/nix/store/mzb9i6n7gjb0j8y8fviykfnv0hs9hin3-teller-2.0.7",
              "default": true
            }
          ],
          "store_path": "/nix/store/mzb9i6n7gjb0j8y8fviykfnv0hs9hin3-teller-2.0.7"
        }
      }
    },
    "yq-go@4.44.5": {
      "last_modified": "2024-11-28T07:51:56Z",
      "resolved": "github:NixOS/nixpkgs/226216574ada4c3ecefcbbec41f39ce4655f78ef#yq-go",
      "source": "devbox-search",
      "version": "4.44.5",
      "systems": {
        "aarch64-darwin": {
          "outputs": [
            {
              "name": "out",
              "path": "/nix/store/xk2ypndx28w4dmvz69qgsv4y1xj14zr5-yq-go-4.44.5",
              "default": true
            }
          ],
          "store_path": "/nix/store/xk2ypndx28w4dmvz69qgsv4y1xj14zr5-yq-go-4.44.5"
        },
        "aarch64-linux": {
          "outputs": [
            {
              "name": "out",
              "path": "/nix/store/q1hdxc2zgzij7gxpv5g7cjq1j6ibzmxl-yq-go-4.44.5",
              "default": true
            }
          ],
          "store_path": "/nix/store/q1hdxc2zgzij7gxpv5g7cjq1j6ibzmxl-yq-go-4.44.5"
        },
        "x86_64-darwin": {
          "outputs": [
            {
              "name": "out",
              "path": "/nix/store/r7y0xb4pkdp2rdw0a0db06f84rwi4pri-yq-go-4.44.5",
              "default": true
            }
          ],
          "store_path": "/nix/store/r7y0xb4pkdp2rdw0a0db06f84rwi4pri-yq-go-4.44.5"
        },
        "x86_64-linux": {
          "outputs": [
            {
              "name": "out",
              "path": "/nix/store/i4x11x3x4x8kn416h734jnxdbh8fdxil-yq-go-4.44.5",
              "default": true
            }
          ],
          "store_path": "/nix/store/i4x11x3x4x8kn416h734jnxdbh8fdxil-yq-go-4.44.5"
        }
      }
    },
    "zellij@0.41.2": {
      "last_modified": "2024-11-22T01:27:12Z",
      "resolved": "github:NixOS/nixpkgs/8edf06bea5bcbee082df1b7369ff973b91618b8d#zellij",
      "source": "devbox-search",
      "version": "0.41.2",
      "systems": {
        "aarch64-darwin": {
          "outputs": [
            {
              "name": "out",
              "path": "/nix/store/6jxza2wmwcdm5mygmmrdh06f9finydqk-zellij-0.41.2",
              "default": true
            }
          ],
          "store_path": "/nix/store/6jxza2wmwcdm5mygmmrdh06f9finydqk-zellij-0.41.2"
        },
        "aarch64-linux": {
          "outputs": [
            {
              "name": "out",
              "path": "/nix/store/zqs6dkh3qwiinyjhdd8vwg39xqcb7gy6-zellij-0.41.2",
              "default": true
            }
          ],
          "store_path": "/nix/store/zqs6dkh3qwiinyjhdd8vwg39xqcb7gy6-zellij-0.41.2"
        },
        "x86_64-darwin": {
          "outputs": [
            {
              "name": "out",
              "path": "/nix/store/gpd7iihqxy13nbmaczjfin5s5f9mfi8k-zellij-0.41.2",
              "default": true
            }
          ],
          "store_path": "/nix/store/gpd7iihqxy13nbmaczjfin5s5f9mfi8k-zellij-0.41.2"
        },
        "x86_64-linux": {
          "outputs": [
            {
              "name": "out",
              "path": "/nix/store/ama5bjg244yja8nd98zfaxrzczvz2jzp-zellij-0.41.2",
              "default": true
            }
          ],
          "store_path": "/nix/store/ama5bjg244yja8nd98zfaxrzczvz2jzp-zellij-0.41.2"
        }
      }
    }
  }
}
